
Microsoft Visual Studio Solution File, Format Version 11.00
# Visual Studio 2010
Project("{FAE04EC0-301F-11D3-BF4B-00C04F79EFBC}") = "prac2-1WebApplication", "prac2-1WebApplication\prac2-1WebApplication.csproj", "{78A3FA59-6B74-45E9-A08B-FF3AF889A48D}"
EndProject
Global
	GlobalSection(SolutionConfigurationPlatforms) = preSolution
		Debug|Any CPU = Debug|Any CPU
		Release|Any CPU = Release|Any CPU
	EndGlobalSection
	GlobalSection(ProjectConfigurationPlatforms) = postSolution
		{78A3FA59-6B74-45E9-A08B-FF3AF889A48D}.Debug|Any CPU.ActiveCfg = Debug|Any CPU
		{78A3FA59-6B74-45E9-A08B-FF3AF889A48D}.Debug|Any CPU.Build.0 = Debug|Any CPU
		{78A3FA59-6B74-45E9-A08B-FF3AF889A48D}.Release|Any CPU.ActiveCfg = Release|Any CPU
		{78A3FA59-6B74-45E9-A08B-FF3AF889A48D}.Release|Any CPU.Build.0 = Release|Any CPU
	EndGlobalSection
	GlobalSection(SolutionProperties) = preSolution
		HideSolutionNode = FALSE
	EndGlobalSection
EndGlobal
