
Microsoft Visual Studio Solution File, Format Version 11.00
# Visual Studio 2010
Project("{FAE04EC0-301F-11D3-BF4B-00C04F79EFBC}") = "Practical4", "Practical2Task2\Practical4.csproj", "{21B7AE8D-B19F-4F23-A347-6F994E0C967F}"
EndProject
Global
	GlobalSection(SolutionConfigurationPlatforms) = preSolution
		Debug|Any CPU = Debug|Any CPU
		Release|Any CPU = Release|Any CPU
	EndGlobalSection
	GlobalSection(ProjectConfigurationPlatforms) = postSolution
		{21B7AE8D-B19F-4F23-A347-6F994E0C967F}.Debug|Any CPU.ActiveCfg = Debug|Any CPU
		{21B7AE8D-B19F-4F23-A347-6F994E0C967F}.Debug|Any CPU.Build.0 = Debug|Any CPU
		{21B7AE8D-B19F-4F23-A347-6F994E0C967F}.Release|Any CPU.ActiveCfg = Release|Any CPU
		{21B7AE8D-B19F-4F23-A347-6F994E0C967F}.Release|Any CPU.Build.0 = Release|Any CPU
	EndGlobalSection
	GlobalSection(SolutionProperties) = preSolution
		HideSolutionNode = FALSE
	EndGlobalSection
EndGlobal
